// !$*UTF8*$!
{
	archiveVersion = 1;
	classes = {
	};
	objectVersion = 46;
	objects = {

/* Begin PBXBuildFile section */
		D01FC3E4203A3A3B0087CBE1 /* AppDelegate.swift in Sources */ = {isa = PBXBuildFile; fileRef = D01FC3E3203A3A3B0087CBE1 /* AppDelegate.swift */; };
		D01FC3E6203A3A3B0087CBE1 /* ViewController.swift in Sources */ = {isa = PBXBuildFile; fileRef = D01FC3E5203A3A3B0087CBE1 /* ViewController.swift */; };
		D01FC3E9203A3A3B0087CBE1 /* Main.storyboard in Resources */ = {isa = PBXBuildFile; fileRef = D01FC3E7203A3A3B0087CBE1 /* Main.storyboard */; };
		D01FC3EB203A3A3B0087CBE1 /* Assets.xcassets in Resources */ = {isa = PBXBuildFile; fileRef = D01FC3EA203A3A3B0087CBE1 /* Assets.xcassets */; };
		D01FC3EE203A3A3B0087CBE1 /* LaunchScreen.storyboard in Resources */ = {isa = PBXBuildFile; fileRef = D01FC3EC203A3A3B0087CBE1 /* LaunchScreen.storyboard */; };
/* End PBXBuildFile section */

/* Begin PBXFileReference section */
		D01FC3E0203A3A3B0087CBE1 /* rollCall.app */ = {isa = PBXFileReference; explicitFileType = wrapper.application; includeInIndex = 0; path = rollCall.app; sourceTree = BUILT_PRODUCTS_DIR; };
		D01FC3E3203A3A3B0087CBE1 /* AppDelegate.swift */ = {isa = PBXFileReference; lastKnownFileType = sourcecode.swift; path = AppDelegate.swift; sourceTree = "<group>"; };
		D01FC3E5203A3A3B0087CBE1 /* ViewController.swift */ = {isa = PBXFileReference; lastKnownFileType = sourcecode.swift; path = ViewController.swift; sourceTree = "<group>"; };
		D01FC3E8203A3A3B0087CBE1 /* Base */ = {isa = PBXFileReference; lastKnownFileType = file.storyboard; name = Base; path = Base.lproj/Main.storyboard; sourceTree = "<group>"; };
		D01FC3EA203A3A3B0087CBE1 /* Assets.xcassets */ = {isa = PBXFileReference; lastKnownFileType = folder.assetcatalog; path = Assets.xcassets; sourceTree = "<group>"; };
		D01FC3ED203A3A3B0087CBE1 /* Base */ = {isa = PBXFileReference; lastKnownFileType = file.storyboard; name = Base; path = Base.lproj/LaunchScreen.storyboard; sourceTree = "<group>"; };
		D01FC3EF203A3A3B0087CBE1 /* Info.plist */ = {isa = PBXFileReference; lastKnownFileType = text.plist.xml; path = Info.plist; sourceTree = "<group>"; };
/* End PBXFileReference section */

/* Begin PBXFrameworksBuildPhase section */
		D01FC3DD203A3A390087CBE1 /* Frameworks */ = {
			isa = PBXFrameworksBuildPhase;
			buildActionMask = 2147483647;
			files = (
			);
			runOnlyForDeploymentPostprocessing = 0;
		};
/* End PBXFrameworksBuildPhase section */

/* Begin PBXGroup section */
		D01FC3D7203A3A390087CBE1 = {
			isa = PBXGroup;
			children = (
				D01FC3E2203A3A3B0087CBE1 /* rollCall */,
				D01FC3E1203A3A3B0087CBE1 /* Products */,
			);
			sourceTree = "<group>";
		};
		D01FC3E1203A3A3B0087CBE1 /* Products */ = {
			isa = PBXGroup;
			children = (
				D01FC3E0203A3A3B0087CBE1 /* rollCall.app */,
			);
			name = Products;
			sourceTree = "<group>";
		};
		D01FC3E2203A3A3B0087CBE1 /* rollCall */ = {
			isa = PBXGroup;
			children = (
				D01FC3E3203A3A3B0087CBE1 /* AppDelegate.swift */,
				D01FC3E5203A3A3B0087CBE1 /* ViewController.swift */,
				D01FC3E7203A3A3B0087CBE1 /* Main.storyboard */,
				D01FC3EA203A3A3B0087CBE1 /* Assets.xcassets */,
				D01FC3EC203A3A3B0087CBE1 /* LaunchScreen.storyboard */,
				D01FC3EF203A3A3B0087CBE1 /* Info.plist */,
			);
			path = rollCall;
			sourceTree = "<group>";
		};
/* End PBXGroup section */

/* Begin PBXNativeTarget section */
		D01FC3DF203A3A390087CBE1 /* rollCall */ = {
			isa = PBXNativeTarget;
			buildConfigurationList = D01FC3F2203A3A3B0087CBE1 /* Build configuration list for PBXNativeTarget "rollCall" */;
			buildPhases = (
				D01FC3DC203A3A390087CBE1 /* Sources */,
				D01FC3DD203A3A390087CBE1 /* Frameworks */,
				D01FC3DE203A3A390087CBE1 /* Resources */,
			);
			buildRules = (
			);
			dependencies = (
			);
			name = rollCall;
			productName = rollCall;
			productReference = D01FC3E0203A3A3B0087CBE1 /* rollCall.app */;
			productType = "com.apple.product-type.application";
		};
/* End PBXNativeTarget section */

/* Begin PBXProject section */
		D01FC3D8203A3A390087CBE1 /* Project object */ = {
			isa = PBXProject;
			attributes = {
				LastSwiftUpdateCheck = 0820;
				LastUpgradeCheck = 0820;
				ORGANIZATIONNAME = Vallejo;
				TargetAttributes = {
					D01FC3DF203A3A390087CBE1 = {
						CreatedOnToolsVersion = 8.2.1;
						DevelopmentTeam = 67NGABWL3F;
						ProvisioningStyle = Automatic;
					};
				};
			};
			buildConfigurationList = D01FC3DB203A3A390087CBE1 /* Build configuration list for PBXProject "rollCall" */;
			compatibilityVersion = "Xcode 3.2";
			developmentRegion = English;
			hasScannedForEncodings = 0;
			knownRegions = (
				en,
				Base,
			);
			mainGroup = D01FC3D7203A3A390087CBE1;
			productRefGroup = D01FC3E1203A3A3B0087CBE1 /* Products */;
			projectDirPath = "";
			projectRoot = "";
			targets = (
				D01FC3DF203A3A390087CBE1 /* rollCall */,
			);
		};
/* End PBXProject section */

/* Begin PBXResourcesBuildPhase section */
		D01FC3DE203A3A390087CBE1 /* Resources */ = {
			isa = PBXResourcesBuildPhase;
			buildActionMask = 2147483647;
			files = (
				D01FC3EE203A3A3B0087CBE1 /* LaunchScreen.storyboard in Resources */,
				D01FC3EB203A3A3B0087CBE1 /* Assets.xcassets in Resources */,
				D01FC3E9203A3A3B0087CBE1 /* Main.storyboard in Resources */,
			);
			runOnlyForDeploymentPostprocessing = 0;
		};
/* End PBXResourcesBuildPhase section */

/* Begin PBXSourcesBuildPhase section */
		D01FC3DC203A3A390087CBE1 /* Sources */ = {
			isa = PBXSourcesBuildPhase;
			buildActionMask = 2147483647;
			files = (
				D01FC3E6203A3A3B0087CBE1 /* ViewController.swift in Sources */,
				D01FC3E4203A3A3B0087CBE1 /* AppDelegate.swift in Sources */,
			);
			runOnlyForDeploymentPostprocessing = 0;
		};
/* End PBXSourcesBuildPhase section */

/* Begin PBXVariantGroup section */
		D01FC3E7203A3A3B0087CBE1 /* Main.storyboard */ = {
			isa = PBXVariantGroup;
			children = (
				D01FC3E8203A3A3B0087CBE1 /* Base */,
			);
			name = Main.storyboard;
			sourceTree = "<group>";
		};
		D01FC3EC203A3A3B0087CBE1 /* LaunchScreen.storyboard */ = {
			isa = PBXVariantGroup;
			children = (
				D01FC3ED203A3A3B0087CBE1 /* Base */,
			);
			name = LaunchScreen.storyboard;
			sourceTree = "<group>";
		};
/* End PBXVariantGroup section */

/* Begin XCBuildConfiguration section */
		D01FC3F0203A3A3B0087CBE1 /* Debug */ = {
			isa = XCBuildConfiguration;
			buildSettings = {
				ALWAYS_SEARCH_USER_PATHS = NO;
				CLANG_ANALYZER_NONNULL = YES;
				CLANG_CXX_LANGUAGE_STANDARD = "gnu++0x";
				CLANG_CXX_LIBRARY = "libc++";
				CLANG_ENABLE_MODULES = YES;
				CLANG_ENABLE_OBJC_ARC = YES;
				CLANG_WARN_BOOL_CONVERSION = YES;
				CLANG_WARN_CONSTANT_CONVERSION = YES;
				CLANG_WARN_DIRECT_OBJC_ISA_USAGE = YES_ERROR;
				CLANG_WARN_DOCUMENTATION_COMMENTS = YES;
				CLANG_WARN_EMPTY_BODY = YES;
				CLANG_WARN_ENUM_CONVERSION = YES;
				CLANG_WARN_INFINITE_RECURSION = YES;
				CLANG_WARN_INT_CONVERSION = YES;
				CLANG_WARN_OBJC_ROOT_CLASS = YES_ERROR;
				CLANG_WARN_SUSPICIOUS_MOVE = YES;
				CLANG_WARN_UNREACHABLE_CODE = YES;
				CLANG_WARN__DUPLICATE_METHOD_MATCH = YES;
				"CODE_SIGN_IDENTITY[sdk=iphoneos*]" = "iPhone Developer";
				COPY_PHASE_STRIP = NO;
				DEBUG_INFORMATION_FORMAT = dwarf;
				ENABLE_STRICT_OBJC_MSGSEND = YES;
				ENABLE_TESTABILITY = YES;
				GCC_C_LANGUAGE_STANDARD = gnu99;
				GCC_DYNAMIC_NO_PIC = NO;
				GCC_NO_COMMON_BLOCKS = YES;
				GCC_OPTIMIZATION_LEVEL = 0;
				GCC_PREPROCESSOR_DEFINITIONS = (
					"DEBUG=1",
					"$(inherited)",
				);
				GCC_WARN_64_TO_32_BIT_CONVERSION = YES;
				GCC_WARN_ABOUT_RETURN_TYPE = YES_ERROR;
				GCC_WARN_UNDECLARED_SELECTOR = YES;
				GCC_WARN_UNINITIALIZED_AUTOS = YES_AGGRESSIVE;
				GCC_WARN_UNUSED_FUNCTION = YES;
				GCC_WARN_UNUSED_VARIABLE = YES;
				IPHONEOS_DEPLOYMENT_TARGET = 10.2;
				MTL_ENABLE_DEBUG_INFO = YES;
				ONLY_ACTIVE_ARCH = YES;
				SDKROOT = iphoneos;
				SWIFT_ACTIVE_COMPILATION_CONDITIONS = DEBUG;
				SWIFT_OPTIMIZATION_LEVEL = "-Onone";
				TARGETED_DEVICE_FAMILY = "1,2";
			};
			name = Debug;
		};
		D01FC3F1203A3A3B0087CBE1 /* Release */ = {
			isa = XCBuildConfiguration;
			buildSettings = {
				ALWAYS_SEARCH_USER_PATHS = NO;
				CLANG_ANALYZER_NONNULL = YES;
				CLANG_CXX_LANGUAGE_STANDARD = "gnu++0x";
				CLANG_CXX_LIBRARY = "libc++";
				CLANG_ENABLE_MODULES = YES;
				CLANG_ENABLE_OBJC_ARC = YES;
				CLANG_WARN_BOOL_CONVERSION = YES;
				CLANG_WARN_CONSTANT_CONVERSION = YES;
				CLANG_WARN_DIRECT_OBJC_ISA_USAGE = YES_ERROR;
				CLANG_WARN_DOCUMENTATION_COMMENTS = YES;
				CLANG_WARN_EMPTY_BODY = YES;
				CLANG_WARN_ENUM_CONVERSION = YES;
				CLANG_WARN_INFINITE_RECURSION = YES;
				CLANG_WARN_INT_CONVERSION = YES;
				CLANG_WARN_OBJC_ROOT_CLASS = YES_ERROR;
				CLANG_WARN_SUSPICIOUS_MOVE = YES;
				CLANG_WARN_UNREACHABLE_CODE = YES;
				CLANG_WARN__DUPLICATE_METHOD_MATCH = YES;
				"CODE_SIGN_IDENTITY[sdk=iphoneos*]" = "iPhone Developer";
				COPY_PHASE_STRIP = NO;
				DEBUG_INFORMATION_FORMAT = "dwarf-with-dsym";
				ENABLE_NS_ASSERTIONS = NO;
				ENABLE_STRICT_OBJC_MSGSEND = YES;
				GCC_C_LANGUAGE_STANDARD = gnu99;
				GCC_NO_COMMON_BLOCKS = YES;
				GCC_WARN_64_TO_32_BIT_CONVERSION = YES;
				GCC_WARN_ABOUT_RETURN_TYPE = YES_ERROR;
				GCC_WARN_UNDECLARED_SELECTOR = YES;
				GCC_WARN_UNINITIALIZED_AUTOS = YES_AGGRESSIVE;
				GCC_WARN_UNUSED_FUNCTION = YES;
				GCC_WARN_UNUSED_VARIABLE = YES;
				IPHONEOS_DEPLOYMENT_TARGET = 10.2;
				MTL_ENABLE_DEBUG_INFO = NO;
				SDKROOT = iphoneos;
				SWIFT_OPTIMIZATION_LEVEL = "-Owholemodule";
				TARGETED_DEVICE_FAMILY = "1,2";
				VALIDATE_PRODUCT = YES;
			};
			name = Release;
		};
		D01FC3F3203A3A3B0087CBE1 /* Debug */ = {
			isa = XCBuildConfiguration;
			buildSettings = {
				ASSETCATALOG_COMPILER_APPICON_NAME = AppIcon;
				DEVELOPMENT_TEAM = 67NGABWL3F;
				INFOPLIST_FILE = rollCall/Info.plist;
				LD_RUNPATH_SEARCH_PATHS = "$(inherited) @executable_path/Frameworks";
				PRODUCT_BUNDLE_IDENTIFIER = kv093.rollCall;
				PRODUCT_NAME = "$(TARGET_NAME)";
				SWIFT_VERSION = 3.0;
			};
			name = Debug;
		};
		D01FC3F4203A3A3B0087CBE1 /* Release */ = {
			isa = XCBuildConfiguration;
			buildSettings = {
				ASSETCATALOG_COMPILER_APPICON_NAME = AppIcon;
				DEVELOPMENT_TEAM = 67NGABWL3F;
				INFOPLIST_FILE = rollCall/Info.plist;
				LD_RUNPATH_SEARCH_PATHS = "$(inherited) @executable_path/Frameworks";
				PRODUCT_BUNDLE_IDENTIFIER = kv093.rollCall;
				PRODUCT_NAME = "$(TARGET_NAME)";
				SWIFT_VERSION = 3.0;
			};
			name = Release;
		};
/* End XCBuildConfiguration section */

/* Begin XCConfigurationList section */
		D01FC3DB203A3A390087CBE1 /* Build configuration list for PBXProject "rollCall" */ = {
			isa = XCConfigurationList;
			buildConfigurations = (
				D01FC3F0203A3A3B0087CBE1 /* Debug */,
				D01FC3F1203A3A3B0087CBE1 /* Release */,
			);
			defaultConfigurationIsVisible = 0;
			defaultConfigurationName = Release;
		};
		D01FC3F2203A3A3B0087CBE1 /* Build configuration list for PBXNativeTarget "rollCall" */ = {
			isa = XCConfigurationList;
			buildConfigurations = (
				D01FC3F3203A3A3B0087CBE1 /* Debug */,
				D01FC3F4203A3A3B0087CBE1 /* Release */,
			);
			defaultConfigurationIsVisible = 0;
		};
/* End XCConfigurationList section */
	};
	rootObject = D01FC3D8203A3A390087CBE1 /* Project object */;
}
